
Microsoft Visual Studio Solution File, Format Version 12.00
# Visual Studio 15
VisualStudioVersion = 15.0.27130.2024
MinimumVisualStudioVersion = 10.0.40219.1
Project("{FAE04EC0-301F-11D3-BF4B-00C04F79EFBC}") = "ManageProps", "ManageProps\ManageProps.csproj", "{FD001DA6-B0AD-476C-A39D-34B1BB37EAF5}"
EndProject
Global
	GlobalSection(SolutionConfigurationPlatforms) = preSolution
		Debug|Any CPU = Debug|Any CPU
		Release|Any CPU = Release|Any CPU
	EndGlobalSection
	GlobalSection(ProjectConfigurationPlatforms) = postSolution
		{FD001DA6-B0AD-476C-A39D-34B1BB37EAF5}.Debug|Any CPU.ActiveCfg = Debug|Any CPU
		{FD001DA6-B0AD-476C-A39D-34B1BB37EAF5}.Debug|Any CPU.Build.0 = Debug|Any CPU
		{FD001DA6-B0AD-476C-A39D-34B1BB37EAF5}.Release|Any CPU.ActiveCfg = Release|Any CPU
		{FD001DA6-B0AD-476C-A39D-34B1BB37EAF5}.Release|Any CPU.Build.0 = Release|Any CPU
	EndGlobalSection
	GlobalSection(SolutionProperties) = preSolution
		HideSolutionNode = FALSE
	EndGlobalSection
	GlobalSection(ExtensibilityGlobals) = postSolution
		SolutionGuid = {0D2FAF3D-6844-4B92-AFAF-0544EE6DC24A}
	EndGlobalSection
EndGlobal
